
Microsoft Visual Studio Solution File, Format Version 10.00
# Visual C++ Express 2008
Project("{8BC9CEB8-8B4A-11D0-8D11-00A0C91BC942}") = "many labels", "many labels\many labels.vcproj", "{92E00608-605C-4D1B-A33A-D89C8BE7EA4A}"
EndProject
Global
	GlobalSection(SolutionConfigurationPlatforms) = preSolution
		Debug|Win32 = Debug|Win32
		Release|Win32 = Release|Win32
	EndGlobalSection
	GlobalSection(ProjectConfigurationPlatforms) = postSolution
		{92E00608-605C-4D1B-A33A-D89C8BE7EA4A}.Debug|Win32.ActiveCfg = Debug|Win32
		{92E00608-605C-4D1B-A33A-D89C8BE7EA4A}.Debug|Win32.Build.0 = Debug|Win32
		{92E00608-605C-4D1B-A33A-D89C8BE7EA4A}.Release|Win32.ActiveCfg = Release|Win32
		{92E00608-605C-4D1B-A33A-D89C8BE7EA4A}.Release|Win32.Build.0 = Release|Win32
	EndGlobalSection
	GlobalSection(SolutionProperties) = preSolution
		HideSolutionNode = FALSE
	EndGlobalSection
EndGlobal
